
Microsoft Visual Studio Solution File, Format Version 12.00
# Visual Studio 15
VisualStudioVersion = 15.0.27004.2006
MinimumVisualStudioVersion = 10.0.40219.1
Project("{FAE04EC0-301F-11D3-BF4B-00C04F79EFBC}") = "MyFirstWebAPI", "MyFirstWebAPI\MyFirstWebAPI.csproj", "{BA7EB2D3-35D5-4C83-9AE5-31A71E3DEFD4}"
EndProject
Project("{E53339B2-1760-4266-BCC7-CA923CBCF16C}") = "docker-compose", "docker-compose.dcproj", "{EC1209AA-6FF8-42FE-BF3E-2ED6495E17EE}"
EndProject
Global
	GlobalSection(SolutionConfigurationPlatforms) = preSolution
		Debug|Any CPU = Debug|Any CPU
		Release|Any CPU = Release|Any CPU
	EndGlobalSection
	GlobalSection(ProjectConfigurationPlatforms) = postSolution
		{BA7EB2D3-35D5-4C83-9AE5-31A71E3DEFD4}.Debug|Any CPU.ActiveCfg = Debug|Any CPU
		{BA7EB2D3-35D5-4C83-9AE5-31A71E3DEFD4}.Debug|Any CPU.Build.0 = Debug|Any CPU
		{BA7EB2D3-35D5-4C83-9AE5-31A71E3DEFD4}.Release|Any CPU.ActiveCfg = Release|Any CPU
		{BA7EB2D3-35D5-4C83-9AE5-31A71E3DEFD4}.Release|Any CPU.Build.0 = Release|Any CPU
		{EC1209AA-6FF8-42FE-BF3E-2ED6495E17EE}.Debug|Any CPU.ActiveCfg = Debug|Any CPU
		{EC1209AA-6FF8-42FE-BF3E-2ED6495E17EE}.Debug|Any CPU.Build.0 = Debug|Any CPU
		{EC1209AA-6FF8-42FE-BF3E-2ED6495E17EE}.Release|Any CPU.ActiveCfg = Release|Any CPU
		{EC1209AA-6FF8-42FE-BF3E-2ED6495E17EE}.Release|Any CPU.Build.0 = Release|Any CPU
	EndGlobalSection
	GlobalSection(SolutionProperties) = preSolution
		HideSolutionNode = FALSE
	EndGlobalSection
	GlobalSection(ExtensibilityGlobals) = postSolution
		SolutionGuid = {C53932EC-8392-4C2C-AD37-F06DE2B14DA9}
	EndGlobalSection
EndGlobal
